
Microsoft Visual Studio Solution File, Format Version 11.00
# Visual Studio 2010
Project("{F184B08F-C81C-45F6-A57F-5ABD9991F28F}") = "HVCC1", "HVCC1\HVCC1.vbproj", "{FED7EB1A-45E7-46F0-8A23-336BEB49F62A}"
EndProject
Global
	GlobalSection(SolutionConfigurationPlatforms) = preSolution
		Debug|Any CPU = Debug|Any CPU
		Debug|x86 = Debug|x86
		Release|Any CPU = Release|Any CPU
		Release|x86 = Release|x86
	EndGlobalSection
	GlobalSection(ProjectConfigurationPlatforms) = postSolution
		{FED7EB1A-45E7-46F0-8A23-336BEB49F62A}.Debug|Any CPU.ActiveCfg = Debug|Any CPU
		{FED7EB1A-45E7-46F0-8A23-336BEB49F62A}.Debug|Any CPU.Build.0 = Debug|Any CPU
		{FED7EB1A-45E7-46F0-8A23-336BEB49F62A}.Debug|x86.ActiveCfg = Debug|x86
		{FED7EB1A-45E7-46F0-8A23-336BEB49F62A}.Debug|x86.Build.0 = Debug|x86
		{FED7EB1A-45E7-46F0-8A23-336BEB49F62A}.Release|Any CPU.ActiveCfg = Release|Any CPU
		{FED7EB1A-45E7-46F0-8A23-336BEB49F62A}.Release|Any CPU.Build.0 = Release|Any CPU
		{FED7EB1A-45E7-46F0-8A23-336BEB49F62A}.Release|x86.ActiveCfg = Release|x86
		{FED7EB1A-45E7-46F0-8A23-336BEB49F62A}.Release|x86.Build.0 = Release|x86
	EndGlobalSection
	GlobalSection(SolutionProperties) = preSolution
		HideSolutionNode = FALSE
	EndGlobalSection
EndGlobal
